Microsoft Visual Studio Solution File, Format Version 12.00
# Visual Studio Version 17
VisualStudioVersion = 17.5.2.0
MinimumVisualStudioVersion = 10.0.40219.1
Project("{FAE04EC0-301F-11D3-BF4B-00C04F79EFBC}") = "MxFace.Fingerprint.API.Client", "MxFace.Fingerprint.API.Client.csproj", "{2A540595-18EF-FD53-DFA8-6B6CCD7B8CF3}"
EndProject
Global
	GlobalSection(SolutionConfigurationPlatforms) = preSolution
		Debug|Any CPU = Debug|Any CPU
		Release|Any CPU = Release|Any CPU
	EndGlobalSection
	GlobalSection(ProjectConfigurationPlatforms) = postSolution
		{2A540595-18EF-FD53-DFA8-6B6CCD7B8CF3}.Debug|Any CPU.ActiveCfg = Debug|Any CPU
		{2A540595-18EF-FD53-DFA8-6B6CCD7B8CF3}.Debug|Any CPU.Build.0 = Debug|Any CPU
		{2A540595-18EF-FD53-DFA8-6B6CCD7B8CF3}.Release|Any CPU.ActiveCfg = Release|Any CPU
		{2A540595-18EF-FD53-DFA8-6B6CCD7B8CF3}.Release|Any CPU.Build.0 = Release|Any CPU
	EndGlobalSection
	GlobalSection(SolutionProperties) = preSolution
		HideSolutionNode = FALSE
	EndGlobalSection
	GlobalSection(ExtensibilityGlobals) = postSolution
		SolutionGuid = {BE90C8C1-F930-4629-9AF5-4BFB46F19F41}
	EndGlobalSection
EndGlobal
